// !$*UTF8*$!
{
	archiveVersion = 1;
	classes = {
	};
	objectVersion = 55;
	objects = {

/* Begin PBXBuildFile section */
		331E4FD63D1B82F2179683C7 /* Pods_PagerView.framework in Frameworks */ = {isa = PBXBuildFile; fileRef = E0CFBC62F376D880B5A7ECD9 /* Pods_PagerView.framework */; };
		5A12225627450735000E7B88 /* 2.jpeg in Resources */ = {isa = PBXBuildFile; fileRef = 5A12225227450735000E7B88 /* 2.jpeg */; };
		5A12225727450735000E7B88 /* 1.jpeg in Resources */ = {isa = PBXBuildFile; fileRef = 5A12225327450735000E7B88 /* 1.jpeg */; };
		5A12225827450735000E7B88 /* 3.jpeg in Resources */ = {isa = PBXBuildFile; fileRef = 5A12225427450735000E7B88 /* 3.jpeg */; };
		5A12225927450735000E7B88 /* 4.jpeg in Resources */ = {isa = PBXBuildFile; fileRef = 5A12225527450735000E7B88 /* 4.jpeg */; };
		5A1449232744ED2B007A6F26 /* AppDelegate.swift in Sources */ = {isa = PBXBuildFile; fileRef = 5A1449222744ED2B007A6F26 /* AppDelegate.swift */; };
		5A1449252744ED2B007A6F26 /* SceneDelegate.swift in Sources */ = {isa = PBXBuildFile; fileRef = 5A1449242744ED2B007A6F26 /* SceneDelegate.swift */; };
		5A1449272744ED2B007A6F26 /* ViewController.swift in Sources */ = {isa = PBXBuildFile; fileRef = 5A1449262744ED2B007A6F26 /* ViewController.swift */; };
		5A14492A2744ED2B007A6F26 /* Main.storyboard in Resources */ = {isa = PBXBuildFile; fileRef = 5A1449282744ED2B007A6F26 /* Main.storyboard */; };
		5A14492C2744ED2B007A6F26 /* Assets.xcassets in Resources */ = {isa = PBXBuildFile; fileRef = 5A14492B2744ED2B007A6F26 /* Assets.xcassets */; };
		5A14492F2744ED2B007A6F26 /* LaunchScreen.storyboard in Resources */ = {isa = PBXBuildFile; fileRef = 5A14492D2744ED2B007A6F26 /* LaunchScreen.storyboard */; };
/* End PBXBuildFile section */

/* Begin PBXFileReference section */
		4856D96777A5220899E67F20 /* Pods-PagerView.release.xcconfig */ = {isa = PBXFileReference; includeInIndex = 1; lastKnownFileType = text.xcconfig; name = "Pods-PagerView.release.xcconfig"; path = "Target Support Files/Pods-PagerView/Pods-PagerView.release.xcconfig"; sourceTree = "<group>"; };
		5A12225227450735000E7B88 /* 2.jpeg */ = {isa = PBXFileReference; lastKnownFileType = image.jpeg; path = 2.jpeg; sourceTree = "<group>"; };
		5A12225327450735000E7B88 /* 1.jpeg */ = {isa = PBXFileReference; lastKnownFileType = image.jpeg; path = 1.jpeg; sourceTree = "<group>"; };
		5A12225427450735000E7B88 /* 3.jpeg */ = {isa = PBXFileReference; lastKnownFileType = image.jpeg; path = 3.jpeg; sourceTree = "<group>"; };
		5A12225527450735000E7B88 /* 4.jpeg */ = {isa = PBXFileReference; lastKnownFileType = image.jpeg; path = 4.jpeg; sourceTree = "<group>"; };
		5A14491F2744ED2B007A6F26 /* PagerView.app */ = {isa = PBXFileReference; explicitFileType = wrapper.application; includeInIndex = 0; path = PagerView.app; sourceTree = BUILT_PRODUCTS_DIR; };
		5A1449222744ED2B007A6F26 /* AppDelegate.swift */ = {isa = PBXFileReference; lastKnownFileType = sourcecode.swift; path = AppDelegate.swift; sourceTree = "<group>"; };
		5A1449242744ED2B007A6F26 /* SceneDelegate.swift */ = {isa = PBXFileReference; lastKnownFileType = sourcecode.swift; path = SceneDelegate.swift; sourceTree = "<group>"; };
		5A1449262744ED2B007A6F26 /* ViewController.swift */ = {isa = PBXFileReference; lastKnownFileType = sourcecode.swift; path = ViewController.swift; sourceTree = "<group>"; };
		5A1449292744ED2B007A6F26 /* Base */ = {isa = PBXFileReference; lastKnownFileType = file.storyboard; name = Base; path = Base.lproj/Main.storyboard; sourceTree = "<group>"; };
		5A14492B2744ED2B007A6F26 /* Assets.xcassets */ = {isa = PBXFileReference; lastKnownFileType = folder.assetcatalog; path = Assets.xcassets; sourceTree = "<group>"; };
		5A14492E2744ED2B007A6F26 /* Base */ = {isa = PBXFileReference; lastKnownFileType = file.storyboard; name = Base; path = Base.lproj/LaunchScreen.storyboard; sourceTree = "<group>"; };
		5A1449302744ED2B007A6F26 /* Info.plist */ = {isa = PBXFileReference; lastKnownFileType = text.plist.xml; path = Info.plist; sourceTree = "<group>"; };
		E041DA53BC0B3C828E3CF61C /* Pods-PagerView.debug.xcconfig */ = {isa = PBXFileReference; includeInIndex = 1; lastKnownFileType = text.xcconfig; name = "Pods-PagerView.debug.xcconfig"; path = "Target Support Files/Pods-PagerView/Pods-PagerView.debug.xcconfig"; sourceTree = "<group>"; };
		E0CFBC62F376D880B5A7ECD9 /* Pods_PagerView.framework */ = {isa = PBXFileReference; explicitFileType = wrapper.framework; includeInIndex = 0; path = Pods_PagerView.framework; sourceTree = BUILT_PRODUCTS_DIR; };
/* End PBXFileReference section */

/* Begin PBXFrameworksBuildPhase section */
		5A14491C2744ED2B007A6F26 /* Frameworks */ = {
			isa = PBXFrameworksBuildPhase;
			buildActionMask = 2147483647;
			files = (
				331E4FD63D1B82F2179683C7 /* Pods_PagerView.framework in Frameworks */,
			);
			runOnlyForDeploymentPostprocessing = 0;
		};
/* End PBXFrameworksBuildPhase section */

/* Begin PBXGroup section */
		075B21828FAE3C0E61B462B6 /* Pods */ = {
			isa = PBXGroup;
			children = (
				E041DA53BC0B3C828E3CF61C /* Pods-PagerView.debug.xcconfig */,
				4856D96777A5220899E67F20 /* Pods-PagerView.release.xcconfig */,
			);
			path = Pods;
			sourceTree = "<group>";
		};
		5A1222452744F5ED000E7B88 /* Resources */ = {
			isa = PBXGroup;
			children = (
				5A12225327450735000E7B88 /* 1.jpeg */,
				5A12225227450735000E7B88 /* 2.jpeg */,
				5A12225427450735000E7B88 /* 3.jpeg */,
				5A12225527450735000E7B88 /* 4.jpeg */,
				5A14492B2744ED2B007A6F26 /* Assets.xcassets */,
			);
			path = Resources;
			sourceTree = "<group>";
		};
		5A1449162744ED2B007A6F26 = {
			isa = PBXGroup;
			children = (
				5A1449212744ED2B007A6F26 /* PagerView */,
				5A1449202744ED2B007A6F26 /* Products */,
				075B21828FAE3C0E61B462B6 /* Pods */,
				C8326D3FA1D9C701615E73E3 /* Frameworks */,
			);
			sourceTree = "<group>";
		};
		5A1449202744ED2B007A6F26 /* Products */ = {
			isa = PBXGroup;
			children = (
				5A14491F2744ED2B007A6F26 /* PagerView.app */,
			);
			name = Products;
			sourceTree = "<group>";
		};
		5A1449212744ED2B007A6F26 /* PagerView */ = {
			isa = PBXGroup;
			children = (
				5A1222452744F5ED000E7B88 /* Resources */,
				5A1449222744ED2B007A6F26 /* AppDelegate.swift */,
				5A1449242744ED2B007A6F26 /* SceneDelegate.swift */,
				5A1449262744ED2B007A6F26 /* ViewController.swift */,
				5A1449282744ED2B007A6F26 /* Main.storyboard */,
				5A14492D2744ED2B007A6F26 /* LaunchScreen.storyboard */,
				5A1449302744ED2B007A6F26 /* Info.plist */,
			);
			path = PagerView;
			sourceTree = "<group>";
		};
		C8326D3FA1D9C701615E73E3 /* Frameworks */ = {
			isa = PBXGroup;
			children = (
				E0CFBC62F376D880B5A7ECD9 /* Pods_PagerView.framework */,
			);
			name = Frameworks;
			sourceTree = "<group>";
		};
/* End PBXGroup section */

/* Begin PBXNativeTarget section */
		5A14491E2744ED2B007A6F26 /* PagerView */ = {
			isa = PBXNativeTarget;
			buildConfigurationList = 5A1449332744ED2B007A6F26 /* Build configuration list for PBXNativeTarget "PagerView" */;
			buildPhases = (
				741B9F6F54B374075E4AF104 /* [CP] Check Pods Manifest.lock */,
				5A14491B2744ED2B007A6F26 /* Sources */,
				5A14491C2744ED2B007A6F26 /* Frameworks */,
				5A14491D2744ED2B007A6F26 /* Resources */,
				2C1C62DCC193A06ABC56830A /* [CP] Embed Pods Frameworks */,
			);
			buildRules = (
			);
			dependencies = (
			);
			name = PagerView;
			productName = PagerView;
			productReference = 5A14491F2744ED2B007A6F26 /* PagerView.app */;
			productType = "com.apple.product-type.application";
		};
/* End PBXNativeTarget section */

/* Begin PBXProject section */
		5A1449172744ED2B007A6F26 /* Project object */ = {
			isa = PBXProject;
			attributes = {
				BuildIndependentTargetsInParallel = 1;
				LastSwiftUpdateCheck = 1310;
				LastUpgradeCheck = 1310;
				TargetAttributes = {
					5A14491E2744ED2B007A6F26 = {
						CreatedOnToolsVersion = 13.1;
					};
				};
			};
			buildConfigurationList = 5A14491A2744ED2B007A6F26 /* Build configuration list for PBXProject "PagerView" */;
			compatibilityVersion = "Xcode 13.0";
			developmentRegion = en;
			hasScannedForEncodings = 0;
			knownRegions = (
				en,
				Base,
			);
			mainGroup = 5A1449162744ED2B007A6F26;
			productRefGroup = 5A1449202744ED2B007A6F26 /* Products */;
			projectDirPath = "";
			projectRoot = "";
			targets = (
				5A14491E2744ED2B007A6F26 /* PagerView */,
			);
		};
/* End PBXProject section */

/* Begin PBXResourcesBuildPhase section */
		5A14491D2744ED2B007A6F26 /* Resources */ = {
			isa = PBXResourcesBuildPhase;
			buildActionMask = 2147483647;
			files = (
				5A12225727450735000E7B88 /* 1.jpeg in Resources */,
				5A12225627450735000E7B88 /* 2.jpeg in Resources */,
				5A14492F2744ED2B007A6F26 /* LaunchScreen.storyboard in Resources */,
				5A12225827450735000E7B88 /* 3.jpeg in Resources */,
				5A12225927450735000E7B88 /* 4.jpeg in Resources */,
				5A14492C2744ED2B007A6F26 /* Assets.xcassets in Resources */,
				5A14492A2744ED2B007A6F26 /* Main.storyboard in Resources */,
			);
			runOnlyForDeploymentPostprocessing = 0;
		};
/* End PBXResourcesBuildPhase section */

/* Begin PBXShellScriptBuildPhase section */
		2C1C62DCC193A06ABC56830A /* [CP] Embed Pods Frameworks */ = {
			isa = PBXShellScriptBuildPhase;
			buildActionMask = 2147483647;
			files = (
			);
			inputFileListPaths = (
				"${PODS_ROOT}/Target Support Files/Pods-PagerView/Pods-PagerView-frameworks-${CONFIGURATION}-input-files.xcfilelist",
			);
			name = "[CP] Embed Pods Frameworks";
			outputFileListPaths = (
				"${PODS_ROOT}/Target Support Files/Pods-PagerView/Pods-PagerView-frameworks-${CONFIGURATION}-output-files.xcfilelist",
			);
			runOnlyForDeploymentPostprocessing = 0;
			shellPath = /bin/sh;
			shellScript = "\"${PODS_ROOT}/Target Support Files/Pods-PagerView/Pods-PagerView-frameworks.sh\"\n";
			showEnvVarsInLog = 0;
		};
		741B9F6F54B374075E4AF104 /* [CP] Check Pods Manifest.lock */ = {
			isa = PBXShellScriptBuildPhase;
			buildActionMask = 2147483647;
			files = (
			);
			inputFileListPaths = (
			);
			inputPaths = (
				"${PODS_PODFILE_DIR_PATH}/Podfile.lock",
				"${PODS_ROOT}/Manifest.lock",
			);
			name = "[CP] Check Pods Manifest.lock";
			outputFileListPaths = (
			);
			outputPaths = (
				"$(DERIVED_FILE_DIR)/Pods-PagerView-checkManifestLockResult.txt",
			);
			runOnlyForDeploymentPostprocessing = 0;
			shellPath = /bin/sh;
			shellScript = "diff \"${PODS_PODFILE_DIR_PATH}/Podfile.lock\" \"${PODS_ROOT}/Manifest.lock\" > /dev/null\nif [ $? != 0 ] ; then\n    # print error to STDERR\n    echo \"error: The sandbox is not in sync with the Podfile.lock. Run 'pod install' or update your CocoaPods installation.\" >&2\n    exit 1\nfi\n# This output is used by Xcode 'outputs' to avoid re-running this script phase.\necho \"SUCCESS\" > \"${SCRIPT_OUTPUT_FILE_0}\"\n";
			showEnvVarsInLog = 0;
		};
/* End PBXShellScriptBuildPhase section */

/* Begin PBXSourcesBuildPhase section */
		5A14491B2744ED2B007A6F26 /* Sources */ = {
			isa = PBXSourcesBuildPhase;
			buildActionMask = 2147483647;
			files = (
				5A1449272744ED2B007A6F26 /* ViewController.swift in Sources */,
				5A1449232744ED2B007A6F26 /* AppDelegate.swift in Sources */,
				5A1449252744ED2B007A6F26 /* SceneDelegate.swift in Sources */,
			);
			runOnlyForDeploymentPostprocessing = 0;
		};
/* End PBXSourcesBuildPhase section */

/* Begin PBXVariantGroup section */
		5A1449282744ED2B007A6F26 /* Main.storyboard */ = {
			isa = PBXVariantGroup;
			children = (
				5A1449292744ED2B007A6F26 /* Base */,
			);
			name = Main.storyboard;
			sourceTree = "<group>";
		};
		5A14492D2744ED2B007A6F26 /* LaunchScreen.storyboard */ = {
			isa = PBXVariantGroup;
			children = (
				5A14492E2744ED2B007A6F26 /* Base */,
			);
			name = LaunchScreen.storyboard;
			sourceTree = "<group>";
		};
/* End PBXVariantGroup section */

/* Begin XCBuildConfiguration section */
		5A1449312744ED2B007A6F26 /* Debug */ = {
			isa = XCBuildConfiguration;
			buildSettings = {
				ALWAYS_SEARCH_USER_PATHS = NO;
				CLANG_ANALYZER_NONNULL = YES;
				CLANG_ANALYZER_NUMBER_OBJECT_CONVERSION = YES_AGGRESSIVE;
				CLANG_CXX_LANGUAGE_STANDARD = "gnu++17";
				CLANG_CXX_LIBRARY = "libc++";
				CLANG_ENABLE_MODULES = YES;
				CLANG_ENABLE_OBJC_ARC = YES;
				CLANG_ENABLE_OBJC_WEAK = YES;
				CLANG_WARN_BLOCK_CAPTURE_AUTORELEASING = YES;
				CLANG_WARN_BOOL_CONVERSION = YES;
				CLANG_WARN_COMMA = YES;
				CLANG_WARN_CONSTANT_CONVERSION = YES;
				CLANG_WARN_DEPRECATED_OBJC_IMPLEMENTATIONS = YES;
				CLANG_WARN_DIRECT_OBJC_ISA_USAGE = YES_ERROR;
				CLANG_WARN_DOCUMENTATION_COMMENTS = YES;
				CLANG_WARN_EMPTY_BODY = YES;
				CLANG_WARN_ENUM_CONVERSION = YES;
				CLANG_WARN_INFINITE_RECURSION = YES;
				CLANG_WARN_INT_CONVERSION = YES;
				CLANG_WARN_NON_LITERAL_NULL_CONVERSION = YES;
				CLANG_WARN_OBJC_IMPLICIT_RETAIN_SELF = YES;
				CLANG_WARN_OBJC_LITERAL_CONVERSION = YES;
				CLANG_WARN_OBJC_ROOT_CLASS = YES_ERROR;
				CLANG_WARN_QUOTED_INCLUDE_IN_FRAMEWORK_HEADER = YES;
				CLANG_WARN_RANGE_LOOP_ANALYSIS = YES;
				CLANG_WARN_STRICT_PROTOTYPES = YES;
				CLANG_WARN_SUSPICIOUS_MOVE = YES;
				CLANG_WARN_UNGUARDED_AVAILABILITY = YES_AGGRESSIVE;
				CLANG_WARN_UNREACHABLE_CODE = YES;
				CLANG_WARN__DUPLICATE_METHOD_MATCH = YES;
				COPY_PHASE_STRIP = NO;
				DEBUG_INFORMATION_FORMAT = dwarf;
				ENABLE_STRICT_OBJC_MSGSEND = YES;
				ENABLE_TESTABILITY = YES;
				GCC_C_LANGUAGE_STANDARD = gnu11;
				GCC_DYNAMIC_NO_PIC = NO;
				GCC_NO_COMMON_BLOCKS = YES;
				GCC_OPTIMIZATION_LEVEL = 0;
				GCC_PREPROCESSOR_DEFINITIONS = (
					"DEBUG=1",
					"$(inherited)",
				);
				GCC_WARN_64_TO_32_BIT_CONVERSION = YES;
				GCC_WARN_ABOUT_RETURN_TYPE = YES_ERROR;
				GCC_WARN_UNDECLARED_SELECTOR = YES;
				GCC_WARN_UNINITIALIZED_AUTOS = YES_AGGRESSIVE;
				GCC_WARN_UNUSED_FUNCTION = YES;
				GCC_WARN_UNUSED_VARIABLE = YES;
				IPHONEOS_DEPLOYMENT_TARGET = 15.0;
				MTL_ENABLE_DEBUG_INFO = INCLUDE_SOURCE;
				MTL_FAST_MATH = YES;
				ONLY_ACTIVE_ARCH = YES;
				SDKROOT = iphoneos;
				SWIFT_ACTIVE_COMPILATION_CONDITIONS = DEBUG;
				SWIFT_OPTIMIZATION_LEVEL = "-Onone";
			};
			name = Debug;
		};
		5A1449322744ED2B007A6F26 /* Release */ = {
			isa = XCBuildConfiguration;
			buildSettings = {
				ALWAYS_SEARCH_USER_PATHS = NO;
				CLANG_ANALYZER_NONNULL = YES;
				CLANG_ANALYZER_NUMBER_OBJECT_CONVERSION = YES_AGGRESSIVE;
				CLANG_CXX_LANGUAGE_STANDARD = "gnu++17";
				CLANG_CXX_LIBRARY = "libc++";
				CLANG_ENABLE_MODULES = YES;
				CLANG_ENABLE_OBJC_ARC = YES;
				CLANG_ENABLE_OBJC_WEAK = YES;
				CLANG_WARN_BLOCK_CAPTURE_AUTORELEASING = YES;
				CLANG_WARN_BOOL_CONVERSION = YES;
				CLANG_WARN_COMMA = YES;
				CLANG_WARN_CONSTANT_CONVERSION = YES;
				CLANG_WARN_DEPRECATED_OBJC_IMPLEMENTATIONS = YES;
				CLANG_WARN_DIRECT_OBJC_ISA_USAGE = YES_ERROR;
				CLANG_WARN_DOCUMENTATION_COMMENTS = YES;
				CLANG_WARN_EMPTY_BODY = YES;
				CLANG_WARN_ENUM_CONVERSION = YES;
				CLANG_WARN_INFINITE_RECURSION = YES;
				CLANG_WARN_INT_CONVERSION = YES;
				CLANG_WARN_NON_LITERAL_NULL_CONVERSION = YES;
				CLANG_WARN_OBJC_IMPLICIT_RETAIN_SELF = YES;
				CLANG_WARN_OBJC_LITERAL_CONVERSION = YES;
				CLANG_WARN_OBJC_ROOT_CLASS = YES_ERROR;
				CLANG_WARN_QUOTED_INCLUDE_IN_FRAMEWORK_HEADER = YES;
				CLANG_WARN_RANGE_LOOP_ANALYSIS = YES;
				CLANG_WARN_STRICT_PROTOTYPES = YES;
				CLANG_WARN_SUSPICIOUS_MOVE = YES;
				CLANG_WARN_UNGUARDED_AVAILABILITY = YES_AGGRESSIVE;
				CLANG_WARN_UNREACHABLE_CODE = YES;
				CLANG_WARN__DUPLICATE_METHOD_MATCH = YES;
				COPY_PHASE_STRIP = NO;
				DEBUG_INFORMATION_FORMAT = "dwarf-with-dsym";
				ENABLE_NS_ASSERTIONS = NO;
				ENABLE_STRICT_OBJC_MSGSEND = YES;
				GCC_C_LANGUAGE_STANDARD = gnu11;
				GCC_NO_COMMON_BLOCKS = YES;
				GCC_WARN_64_TO_32_BIT_CONVERSION = YES;
				GCC_WARN_ABOUT_RETURN_TYPE = YES_ERROR;
				GCC_WARN_UNDECLARED_SELECTOR = YES;
				GCC_WARN_UNINITIALIZED_AUTOS = YES_AGGRESSIVE;
				GCC_WARN_UNUSED_FUNCTION = YES;
				GCC_WARN_UNUSED_VARIABLE = YES;
				IPHONEOS_DEPLOYMENT_TARGET = 15.0;
				MTL_ENABLE_DEBUG_INFO = NO;
				MTL_FAST_MATH = YES;
				SDKROOT = iphoneos;
				SWIFT_COMPILATION_MODE = wholemodule;
				SWIFT_OPTIMIZATION_LEVEL = "-O";
				VALIDATE_PRODUCT = YES;
			};
			name = Release;
		};
		5A1449342744ED2B007A6F26 /* Debug */ = {
			isa = XCBuildConfiguration;
			baseConfigurationReference = E041DA53BC0B3C828E3CF61C /* Pods-PagerView.debug.xcconfig */;
			buildSettings = {
				ASSETCATALOG_COMPILER_APPICON_NAME = AppIcon;
				ASSETCATALOG_COMPILER_GLOBAL_ACCENT_COLOR_NAME = AccentColor;
				CODE_SIGN_STYLE = Automatic;
				CURRENT_PROJECT_VERSION = 1;
				DEVELOPMENT_TEAM = CYS4W9265H;
				GENERATE_INFOPLIST_FILE = YES;
				INFOPLIST_FILE = PagerView/Info.plist;
				INFOPLIST_KEY_UIApplicationSupportsIndirectInputEvents = YES;
				INFOPLIST_KEY_UILaunchStoryboardName = LaunchScreen;
				INFOPLIST_KEY_UIMainStoryboardFile = Main;
				INFOPLIST_KEY_UISupportedInterfaceOrientations_iPad = "UIInterfaceOrientationPortrait UIInterfaceOrientationPortraitUpsideDown UIInterfaceOrientationLandscapeLeft UIInterfaceOrientationLandscapeRight";
				INFOPLIST_KEY_UISupportedInterfaceOrientations_iPhone = "UIInterfaceOrientationPortrait UIInterfaceOrientationLandscapeLeft UIInterfaceOrientationLandscapeRight";
				LD_RUNPATH_SEARCH_PATHS = (
					"$(inherited)",
					"@executable_path/Frameworks",
				);
				MARKETING_VERSION = 1.0;
				PRODUCT_BUNDLE_IDENTIFIER = com.jinny.PagerView;
				PRODUCT_NAME = "$(TARGET_NAME)";
				SWIFT_EMIT_LOC_STRINGS = YES;
				SWIFT_VERSION = 5.0;
				TARGETED_DEVICE_FAMILY = "1,2";
			};
			name = Debug;
		};
		5A1449352744ED2B007A6F26 /* Release */ = {
			isa = XCBuildConfiguration;
			baseConfigurationReference = 4856D96777A5220899E67F20 /* Pods-PagerView.release.xcconfig */;
			buildSettings = {
				ASSETCATALOG_COMPILER_APPICON_NAME = AppIcon;
				ASSETCATALOG_COMPILER_GLOBAL_ACCENT_COLOR_NAME = AccentColor;
				CODE_SIGN_STYLE = Automatic;
				CURRENT_PROJECT_VERSION = 1;
				DEVELOPMENT_TEAM = CYS4W9265H;
				GENERATE_INFOPLIST_FILE = YES;
				INFOPLIST_FILE = PagerView/Info.plist;
				INFOPLIST_KEY_UIApplicationSupportsIndirectInputEvents = YES;
				INFOPLIST_KEY_UILaunchStoryboardName = LaunchScreen;
				INFOPLIST_KEY_UIMainStoryboardFile = Main;
				INFOPLIST_KEY_UISupportedInterfaceOrientations_iPad = "UIInterfaceOrientationPortrait UIInterfaceOrientationPortraitUpsideDown UIInterfaceOrientationLandscapeLeft UIInterfaceOrientationLandscapeRight";
				INFOPLIST_KEY_UISupportedInterfaceOrientations_iPhone = "UIInterfaceOrientationPortrait UIInterfaceOrientationLandscapeLeft UIInterfaceOrientationLandscapeRight";
				LD_RUNPATH_SEARCH_PATHS = (
					"$(inherited)",
					"@executable_path/Frameworks",
				);
				MARKETING_VERSION = 1.0;
				PRODUCT_BUNDLE_IDENTIFIER = com.jinny.PagerView;
				PRODUCT_NAME = "$(TARGET_NAME)";
				SWIFT_EMIT_LOC_STRINGS = YES;
				SWIFT_VERSION = 5.0;
				TARGETED_DEVICE_FAMILY = "1,2";
			};
			name = Release;
		};
/* End XCBuildConfiguration section */

/* Begin XCConfigurationList section */
		5A14491A2744ED2B007A6F26 /* Build configuration list for PBXProject "PagerView" */ = {
			isa = XCConfigurationList;
			buildConfigurations = (
				5A1449312744ED2B007A6F26 /* Debug */,
				5A1449322744ED2B007A6F26 /* Release */,
			);
			defaultConfigurationIsVisible = 0;
			defaultConfigurationName = Release;
		};
		5A1449332744ED2B007A6F26 /* Build configuration list for PBXNativeTarget "PagerView" */ = {
			isa = XCConfigurationList;
			buildConfigurations = (
				5A1449342744ED2B007A6F26 /* Debug */,
				5A1449352744ED2B007A6F26 /* Release */,
			);
			defaultConfigurationIsVisible = 0;
			defaultConfigurationName = Release;
		};
/* End XCConfigurationList section */
	};
	rootObject = 5A1449172744ED2B007A6F26 /* Project object */;
}
